
Microsoft Visual Studio Solution File, Format Version 12.00
# Visual Studio Version 17
VisualStudioVersion = 17.5.2.0
MinimumVisualStudioVersion = 10.0.40219.1
Project("{FAE04EC0-301F-11D3-BF4B-00C04F79EFBC}") = "Functional.Programming.With.CSharp", "Functional.Programming.With.CSharp.csproj", "{08379FF2-E56F-BBE6-500B-DD774510E997}"
EndProject
Project("{2150E333-8FDC-42A3-9474-1A3956D46DE8}") = "Tests", "Tests", "{0AB3BF05-4346-4AA6-1389-037BE0695223}"
EndProject
Project("{FAE04EC0-301F-11D3-BF4B-00C04F79EFBC}") = "Functional.Programming.With.CSharp.Tests", "Tests\Functional.Programming.With.CSharp.Tests.csproj", "{D533CCDD-4E3E-421E-94D4-8A250169AC3C}"
EndProject
Global
	GlobalSection(SolutionConfigurationPlatforms) = preSolution
		Debug|Any CPU = Debug|Any CPU
		Debug|x64 = Debug|x64
		Debug|x86 = Debug|x86
		Release|Any CPU = Release|Any CPU
		Release|x64 = Release|x64
		Release|x86 = Release|x86
	EndGlobalSection
	GlobalSection(ProjectConfigurationPlatforms) = postSolution
		{08379FF2-E56F-BBE6-500B-DD774510E997}.Debug|Any CPU.ActiveCfg = Debug|Any CPU
		{08379FF2-E56F-BBE6-500B-DD774510E997}.Debug|Any CPU.Build.0 = Debug|Any CPU
		{08379FF2-E56F-BBE6-500B-DD774510E997}.Debug|x64.ActiveCfg = Debug|Any CPU
		{08379FF2-E56F-BBE6-500B-DD774510E997}.Debug|x64.Build.0 = Debug|Any CPU
		{08379FF2-E56F-BBE6-500B-DD774510E997}.Debug|x86.ActiveCfg = Debug|Any CPU
		{08379FF2-E56F-BBE6-500B-DD774510E997}.Debug|x86.Build.0 = Debug|Any CPU
		{08379FF2-E56F-BBE6-500B-DD774510E997}.Release|Any CPU.ActiveCfg = Release|Any CPU
		{08379FF2-E56F-BBE6-500B-DD774510E997}.Release|Any CPU.Build.0 = Release|Any CPU
		{08379FF2-E56F-BBE6-500B-DD774510E997}.Release|x64.ActiveCfg = Release|Any CPU
		{08379FF2-E56F-BBE6-500B-DD774510E997}.Release|x64.Build.0 = Release|Any CPU
		{08379FF2-E56F-BBE6-500B-DD774510E997}.Release|x86.ActiveCfg = Release|Any CPU
		{08379FF2-E56F-BBE6-500B-DD774510E997}.Release|x86.Build.0 = Release|Any CPU
		{D533CCDD-4E3E-421E-94D4-8A250169AC3C}.Debug|Any CPU.ActiveCfg = Debug|Any CPU
		{D533CCDD-4E3E-421E-94D4-8A250169AC3C}.Debug|Any CPU.Build.0 = Debug|Any CPU
		{D533CCDD-4E3E-421E-94D4-8A250169AC3C}.Debug|x64.ActiveCfg = Debug|Any CPU
		{D533CCDD-4E3E-421E-94D4-8A250169AC3C}.Debug|x64.Build.0 = Debug|Any CPU
		{D533CCDD-4E3E-421E-94D4-8A250169AC3C}.Debug|x86.ActiveCfg = Debug|Any CPU
		{D533CCDD-4E3E-421E-94D4-8A250169AC3C}.Debug|x86.Build.0 = Debug|Any CPU
		{D533CCDD-4E3E-421E-94D4-8A250169AC3C}.Release|Any CPU.ActiveCfg = Release|Any CPU
		{D533CCDD-4E3E-421E-94D4-8A250169AC3C}.Release|Any CPU.Build.0 = Release|Any CPU
		{D533CCDD-4E3E-421E-94D4-8A250169AC3C}.Release|x64.ActiveCfg = Release|Any CPU
		{D533CCDD-4E3E-421E-94D4-8A250169AC3C}.Release|x64.Build.0 = Release|Any CPU
		{D533CCDD-4E3E-421E-94D4-8A250169AC3C}.Release|x86.ActiveCfg = Release|Any CPU
		{D533CCDD-4E3E-421E-94D4-8A250169AC3C}.Release|x86.Build.0 = Release|Any CPU
	EndGlobalSection
	GlobalSection(SolutionProperties) = preSolution
		HideSolutionNode = FALSE
	EndGlobalSection
	GlobalSection(NestedProjects) = preSolution
		{D533CCDD-4E3E-421E-94D4-8A250169AC3C} = {0AB3BF05-4346-4AA6-1389-037BE0695223}
	EndGlobalSection
	GlobalSection(ExtensibilityGlobals) = postSolution
		SolutionGuid = {E3F56743-0071-43C0-A570-9D4D8B452493}
	EndGlobalSection
EndGlobal
